// !$*UTF8*$!
{
	archiveVersion = 1;
	classes = {
	};
	objectVersion = 55;
	objects = {

/* Begin PBXBuildFile section */
		FAF0B5192809CF7600468990 /* AppDelegate.swift in Sources */ = {isa = PBXBuildFile; fileRef = FAF0B5182809CF7600468990 /* AppDelegate.swift */; };
		FAF0B51B2809CF7600468990 /* SceneDelegate.swift in Sources */ = {isa = PBXBuildFile; fileRef = FAF0B51A2809CF7600468990 /* SceneDelegate.swift */; };
		FAF0B51D2809CF7600468990 /* ViewController.swift in Sources */ = {isa = PBXBuildFile; fileRef = FAF0B51C2809CF7600468990 /* ViewController.swift */; };
		FAF0B5202809CF7600468990 /* Main.storyboard in Resources */ = {isa = PBXBuildFile; fileRef = FAF0B51E2809CF7600468990 /* Main.storyboard */; };
		FAF0B5222809CF7B00468990 /* Assets.xcassets in Resources */ = {isa = PBXBuildFile; fileRef = FAF0B5212809CF7B00468990 /* Assets.xcassets */; };
		FAF0B5252809CF7B00468990 /* LaunchScreen.storyboard in Resources */ = {isa = PBXBuildFile; fileRef = FAF0B5232809CF7B00468990 /* LaunchScreen.storyboard */; };
		FAF0B52E2809D28E00468990 /* TinyConstraints in Frameworks */ = {isa = PBXBuildFile; productRef = FAF0B52D2809D28E00468990 /* TinyConstraints */; };
		FAF0B5302809D9B000468990 /* CollectionViewCell.swift in Sources */ = {isa = PBXBuildFile; fileRef = FAF0B52F2809D9B000468990 /* CollectionViewCell.swift */; };
		FAF0B5322809EBCE00468990 /* TicTacToeModel.swift in Sources */ = {isa = PBXBuildFile; fileRef = FAF0B5312809EBCE00468990 /* TicTacToeModel.swift */; };
		FAF0B56728101AB500468990 /* ViewModel.swift in Sources */ = {isa = PBXBuildFile; fileRef = FAF0B56628101AB400468990 /* ViewModel.swift */; };
		FAF0B56A28101E7C00468990 /* RxSwift in Frameworks */ = {isa = PBXBuildFile; productRef = FAF0B56928101E7C00468990 /* RxSwift */; };
/* End PBXBuildFile section */

/* Begin PBXFileReference section */
		FAF0B5152809CF7600468990 /* TicTacToe.app */ = {isa = PBXFileReference; explicitFileType = wrapper.application; includeInIndex = 0; path = TicTacToe.app; sourceTree = BUILT_PRODUCTS_DIR; };
		FAF0B5182809CF7600468990 /* AppDelegate.swift */ = {isa = PBXFileReference; lastKnownFileType = sourcecode.swift; path = AppDelegate.swift; sourceTree = "<group>"; };
		FAF0B51A2809CF7600468990 /* SceneDelegate.swift */ = {isa = PBXFileReference; lastKnownFileType = sourcecode.swift; path = SceneDelegate.swift; sourceTree = "<group>"; };
		FAF0B51C2809CF7600468990 /* ViewController.swift */ = {isa = PBXFileReference; lastKnownFileType = sourcecode.swift; path = ViewController.swift; sourceTree = "<group>"; };
		FAF0B51F2809CF7600468990 /* Base */ = {isa = PBXFileReference; lastKnownFileType = file.storyboard; name = Base; path = Base.lproj/Main.storyboard; sourceTree = "<group>"; };
		FAF0B5212809CF7B00468990 /* Assets.xcassets */ = {isa = PBXFileReference; lastKnownFileType = folder.assetcatalog; path = Assets.xcassets; sourceTree = "<group>"; };
		FAF0B5242809CF7B00468990 /* Base */ = {isa = PBXFileReference; lastKnownFileType = file.storyboard; name = Base; path = Base.lproj/LaunchScreen.storyboard; sourceTree = "<group>"; };
		FAF0B5262809CF7B00468990 /* Info.plist */ = {isa = PBXFileReference; lastKnownFileType = text.plist.xml; path = Info.plist; sourceTree = "<group>"; };
		FAF0B52F2809D9B000468990 /* CollectionViewCell.swift */ = {isa = PBXFileReference; lastKnownFileType = sourcecode.swift; path = CollectionViewCell.swift; sourceTree = "<group>"; };
		FAF0B5312809EBCE00468990 /* TicTacToeModel.swift */ = {isa = PBXFileReference; lastKnownFileType = sourcecode.swift; path = TicTacToeModel.swift; sourceTree = "<group>"; };
		FAF0B56628101AB400468990 /* ViewModel.swift */ = {isa = PBXFileReference; lastKnownFileType = sourcecode.swift; path = ViewModel.swift; sourceTree = "<group>"; };
/* End PBXFileReference section */

/* Begin PBXFrameworksBuildPhase section */
		FAF0B5122809CF7600468990 /* Frameworks */ = {
			isa = PBXFrameworksBuildPhase;
			buildActionMask = 2147483647;
			files = (
				FAF0B56A28101E7C00468990 /* RxSwift in Frameworks */,
				FAF0B52E2809D28E00468990 /* TinyConstraints in Frameworks */,
			);
			runOnlyForDeploymentPostprocessing = 0;
		};
/* End PBXFrameworksBuildPhase section */

/* Begin PBXGroup section */
		FAF0B50C2809CF7600468990 = {
			isa = PBXGroup;
			children = (
				FAF0B5172809CF7600468990 /* TicTacToe */,
				FAF0B5162809CF7600468990 /* Products */,
			);
			sourceTree = "<group>";
		};
		FAF0B5162809CF7600468990 /* Products */ = {
			isa = PBXGroup;
			children = (
				FAF0B5152809CF7600468990 /* TicTacToe.app */,
			);
			name = Products;
			sourceTree = "<group>";
		};
		FAF0B5172809CF7600468990 /* TicTacToe */ = {
			isa = PBXGroup;
			children = (
				FAF0B5182809CF7600468990 /* AppDelegate.swift */,
				FAF0B51A2809CF7600468990 /* SceneDelegate.swift */,
				FAF0B5312809EBCE00468990 /* TicTacToeModel.swift */,
				FAF0B51C2809CF7600468990 /* ViewController.swift */,
				FAF0B56628101AB400468990 /* ViewModel.swift */,
				FAF0B52F2809D9B000468990 /* CollectionViewCell.swift */,
				FAF0B51E2809CF7600468990 /* Main.storyboard */,
				FAF0B5212809CF7B00468990 /* Assets.xcassets */,
				FAF0B5232809CF7B00468990 /* LaunchScreen.storyboard */,
				FAF0B5262809CF7B00468990 /* Info.plist */,
			);
			path = TicTacToe;
			sourceTree = "<group>";
		};
/* End PBXGroup section */

/* Begin PBXNativeTarget section */
		FAF0B5142809CF7600468990 /* TicTacToe */ = {
			isa = PBXNativeTarget;
			buildConfigurationList = FAF0B5292809CF7B00468990 /* Build configuration list for PBXNativeTarget "TicTacToe" */;
			buildPhases = (
				FAF0B5112809CF7600468990 /* Sources */,
				FAF0B5122809CF7600468990 /* Frameworks */,
				FAF0B5132809CF7600468990 /* Resources */,
			);
			buildRules = (
			);
			dependencies = (
			);
			name = TicTacToe;
			packageProductDependencies = (
				FAF0B52D2809D28E00468990 /* TinyConstraints */,
				FAF0B56928101E7C00468990 /* RxSwift */,
			);
			productName = TicTacToe;
			productReference = FAF0B5152809CF7600468990 /* TicTacToe.app */;
			productType = "com.apple.product-type.application";
		};
/* End PBXNativeTarget section */

/* Begin PBXProject section */
		FAF0B50D2809CF7600468990 /* Project object */ = {
			isa = PBXProject;
			attributes = {
				BuildIndependentTargetsInParallel = 1;
				LastSwiftUpdateCheck = 1330;
				LastUpgradeCheck = 1330;
				TargetAttributes = {
					FAF0B5142809CF7600468990 = {
						CreatedOnToolsVersion = 13.3;
					};
				};
			};
			buildConfigurationList = FAF0B5102809CF7600468990 /* Build configuration list for PBXProject "TicTacToe" */;
			compatibilityVersion = "Xcode 13.0";
			developmentRegion = en;
			hasScannedForEncodings = 0;
			knownRegions = (
				en,
				Base,
			);
			mainGroup = FAF0B50C2809CF7600468990;
			packageReferences = (
				FAF0B52C2809D28E00468990 /* XCRemoteSwiftPackageReference "TinyConstraints" */,
				FAF0B56828101E7C00468990 /* XCRemoteSwiftPackageReference "RxSwift" */,
			);
			productRefGroup = FAF0B5162809CF7600468990 /* Products */;
			projectDirPath = "";
			projectRoot = "";
			targets = (
				FAF0B5142809CF7600468990 /* TicTacToe */,
			);
		};
/* End PBXProject section */

/* Begin PBXResourcesBuildPhase section */
		FAF0B5132809CF7600468990 /* Resources */ = {
			isa = PBXResourcesBuildPhase;
			buildActionMask = 2147483647;
			files = (
				FAF0B5252809CF7B00468990 /* LaunchScreen.storyboard in Resources */,
				FAF0B5222809CF7B00468990 /* Assets.xcassets in Resources */,
				FAF0B5202809CF7600468990 /* Main.storyboard in Resources */,
			);
			runOnlyForDeploymentPostprocessing = 0;
		};
/* End PBXResourcesBuildPhase section */

/* Begin PBXSourcesBuildPhase section */
		FAF0B5112809CF7600468990 /* Sources */ = {
			isa = PBXSourcesBuildPhase;
			buildActionMask = 2147483647;
			files = (
				FAF0B51D2809CF7600468990 /* ViewController.swift in Sources */,
				FAF0B5192809CF7600468990 /* AppDelegate.swift in Sources */,
				FAF0B5302809D9B000468990 /* CollectionViewCell.swift in Sources */,
				FAF0B5322809EBCE00468990 /* TicTacToeModel.swift in Sources */,
				FAF0B56728101AB500468990 /* ViewModel.swift in Sources */,
				FAF0B51B2809CF7600468990 /* SceneDelegate.swift in Sources */,
			);
			runOnlyForDeploymentPostprocessing = 0;
		};
/* End PBXSourcesBuildPhase section */

/* Begin PBXVariantGroup section */
		FAF0B51E2809CF7600468990 /* Main.storyboard */ = {
			isa = PBXVariantGroup;
			children = (
				FAF0B51F2809CF7600468990 /* Base */,
			);
			name = Main.storyboard;
			sourceTree = "<group>";
		};
		FAF0B5232809CF7B00468990 /* LaunchScreen.storyboard */ = {
			isa = PBXVariantGroup;
			children = (
				FAF0B5242809CF7B00468990 /* Base */,
			);
			name = LaunchScreen.storyboard;
			sourceTree = "<group>";
		};
/* End PBXVariantGroup section */

/* Begin XCBuildConfiguration section */
		FAF0B5272809CF7B00468990 /* Debug */ = {
			isa = XCBuildConfiguration;
			buildSettings = {
				ALWAYS_SEARCH_USER_PATHS = NO;
				CLANG_ANALYZER_NONNULL = YES;
				CLANG_ANALYZER_NUMBER_OBJECT_CONVERSION = YES_AGGRESSIVE;
				CLANG_CXX_LANGUAGE_STANDARD = "gnu++17";
				CLANG_ENABLE_MODULES = YES;
				CLANG_ENABLE_OBJC_ARC = YES;
				CLANG_ENABLE_OBJC_WEAK = YES;
				CLANG_WARN_BLOCK_CAPTURE_AUTORELEASING = YES;
				CLANG_WARN_BOOL_CONVERSION = YES;
				CLANG_WARN_COMMA = YES;
				CLANG_WARN_CONSTANT_CONVERSION = YES;
				CLANG_WARN_DEPRECATED_OBJC_IMPLEMENTATIONS = YES;
				CLANG_WARN_DIRECT_OBJC_ISA_USAGE = YES_ERROR;
				CLANG_WARN_DOCUMENTATION_COMMENTS = YES;
				CLANG_WARN_EMPTY_BODY = YES;
				CLANG_WARN_ENUM_CONVERSION = YES;
				CLANG_WARN_INFINITE_RECURSION = YES;
				CLANG_WARN_INT_CONVERSION = YES;
				CLANG_WARN_NON_LITERAL_NULL_CONVERSION = YES;
				CLANG_WARN_OBJC_IMPLICIT_RETAIN_SELF = YES;
				CLANG_WARN_OBJC_LITERAL_CONVERSION = YES;
				CLANG_WARN_OBJC_ROOT_CLASS = YES_ERROR;
				CLANG_WARN_QUOTED_INCLUDE_IN_FRAMEWORK_HEADER = YES;
				CLANG_WARN_RANGE_LOOP_ANALYSIS = YES;
				CLANG_WARN_STRICT_PROTOTYPES = YES;
				CLANG_WARN_SUSPICIOUS_MOVE = YES;
				CLANG_WARN_UNGUARDED_AVAILABILITY = YES_AGGRESSIVE;
				CLANG_WARN_UNREACHABLE_CODE = YES;
				CLANG_WARN__DUPLICATE_METHOD_MATCH = YES;
				COPY_PHASE_STRIP = NO;
				DEBUG_INFORMATION_FORMAT = dwarf;
				ENABLE_STRICT_OBJC_MSGSEND = YES;
				ENABLE_TESTABILITY = YES;
				GCC_C_LANGUAGE_STANDARD = gnu11;
				GCC_DYNAMIC_NO_PIC = NO;
				GCC_NO_COMMON_BLOCKS = YES;
				GCC_OPTIMIZATION_LEVEL = 0;
				GCC_PREPROCESSOR_DEFINITIONS = (
					"DEBUG=1",
					"$(inherited)",
				);
				GCC_WARN_64_TO_32_BIT_CONVERSION = YES;
				GCC_WARN_ABOUT_RETURN_TYPE = YES_ERROR;
				GCC_WARN_UNDECLARED_SELECTOR = YES;
				GCC_WARN_UNINITIALIZED_AUTOS = YES_AGGRESSIVE;
				GCC_WARN_UNUSED_FUNCTION = YES;
				GCC_WARN_UNUSED_VARIABLE = YES;
				IPHONEOS_DEPLOYMENT_TARGET = 15.4;
				MTL_ENABLE_DEBUG_INFO = INCLUDE_SOURCE;
				MTL_FAST_MATH = YES;
				ONLY_ACTIVE_ARCH = YES;
				SDKROOT = iphoneos;
				SWIFT_ACTIVE_COMPILATION_CONDITIONS = DEBUG;
				SWIFT_OPTIMIZATION_LEVEL = "-Onone";
			};
			name = Debug;
		};
		FAF0B5282809CF7B00468990 /* Release */ = {
			isa = XCBuildConfiguration;
			buildSettings = {
				ALWAYS_SEARCH_USER_PATHS = NO;
				CLANG_ANALYZER_NONNULL = YES;
				CLANG_ANALYZER_NUMBER_OBJECT_CONVERSION = YES_AGGRESSIVE;
				CLANG_CXX_LANGUAGE_STANDARD = "gnu++17";
				CLANG_ENABLE_MODULES = YES;
				CLANG_ENABLE_OBJC_ARC = YES;
				CLANG_ENABLE_OBJC_WEAK = YES;
				CLANG_WARN_BLOCK_CAPTURE_AUTORELEASING = YES;
				CLANG_WARN_BOOL_CONVERSION = YES;
				CLANG_WARN_COMMA = YES;
				CLANG_WARN_CONSTANT_CONVERSION = YES;
				CLANG_WARN_DEPRECATED_OBJC_IMPLEMENTATIONS = YES;
				CLANG_WARN_DIRECT_OBJC_ISA_USAGE = YES_ERROR;
				CLANG_WARN_DOCUMENTATION_COMMENTS = YES;
				CLANG_WARN_EMPTY_BODY = YES;
				CLANG_WARN_ENUM_CONVERSION = YES;
				CLANG_WARN_INFINITE_RECURSION = YES;
				CLANG_WARN_INT_CONVERSION = YES;
				CLANG_WARN_NON_LITERAL_NULL_CONVERSION = YES;
				CLANG_WARN_OBJC_IMPLICIT_RETAIN_SELF = YES;
				CLANG_WARN_OBJC_LITERAL_CONVERSION = YES;
				CLANG_WARN_OBJC_ROOT_CLASS = YES_ERROR;
				CLANG_WARN_QUOTED_INCLUDE_IN_FRAMEWORK_HEADER = YES;
				CLANG_WARN_RANGE_LOOP_ANALYSIS = YES;
				CLANG_WARN_STRICT_PROTOTYPES = YES;
				CLANG_WARN_SUSPICIOUS_MOVE = YES;
				CLANG_WARN_UNGUARDED_AVAILABILITY = YES_AGGRESSIVE;
				CLANG_WARN_UNREACHABLE_CODE = YES;
				CLANG_WARN__DUPLICATE_METHOD_MATCH = YES;
				COPY_PHASE_STRIP = NO;
				DEBUG_INFORMATION_FORMAT = "dwarf-with-dsym";
				ENABLE_NS_ASSERTIONS = NO;
				ENABLE_STRICT_OBJC_MSGSEND = YES;
				GCC_C_LANGUAGE_STANDARD = gnu11;
				GCC_NO_COMMON_BLOCKS = YES;
				GCC_WARN_64_TO_32_BIT_CONVERSION = YES;
				GCC_WARN_ABOUT_RETURN_TYPE = YES_ERROR;
				GCC_WARN_UNDECLARED_SELECTOR = YES;
				GCC_WARN_UNINITIALIZED_AUTOS = YES_AGGRESSIVE;
				GCC_WARN_UNUSED_FUNCTION = YES;
				GCC_WARN_UNUSED_VARIABLE = YES;
				IPHONEOS_DEPLOYMENT_TARGET = 15.4;
				MTL_ENABLE_DEBUG_INFO = NO;
				MTL_FAST_MATH = YES;
				SDKROOT = iphoneos;
				SWIFT_COMPILATION_MODE = wholemodule;
				SWIFT_OPTIMIZATION_LEVEL = "-O";
				VALIDATE_PRODUCT = YES;
			};
			name = Release;
		};
		FAF0B52A2809CF7B00468990 /* Debug */ = {
			isa = XCBuildConfiguration;
			buildSettings = {
				ASSETCATALOG_COMPILER_APPICON_NAME = AppIcon;
				ASSETCATALOG_COMPILER_GLOBAL_ACCENT_COLOR_NAME = AccentColor;
				CODE_SIGN_STYLE = Automatic;
				CURRENT_PROJECT_VERSION = 1;
				GENERATE_INFOPLIST_FILE = YES;
				INFOPLIST_FILE = TicTacToe/Info.plist;
				INFOPLIST_KEY_UIApplicationSupportsIndirectInputEvents = YES;
				INFOPLIST_KEY_UILaunchStoryboardName = LaunchScreen;
				INFOPLIST_KEY_UIMainStoryboardFile = Main;
				INFOPLIST_KEY_UISupportedInterfaceOrientations_iPad = "UIInterfaceOrientationPortrait UIInterfaceOrientationPortraitUpsideDown UIInterfaceOrientationLandscapeLeft UIInterfaceOrientationLandscapeRight";
				INFOPLIST_KEY_UISupportedInterfaceOrientations_iPhone = "UIInterfaceOrientationPortrait UIInterfaceOrientationLandscapeLeft UIInterfaceOrientationLandscapeRight";
				LD_RUNPATH_SEARCH_PATHS = (
					"$(inherited)",
					"@executable_path/Frameworks",
				);
				MARKETING_VERSION = 1.0;
				PRODUCT_BUNDLE_IDENTIFIER = Andrew.TicTacToe;
				PRODUCT_NAME = "$(TARGET_NAME)";
				SWIFT_EMIT_LOC_STRINGS = YES;
				SWIFT_VERSION = 5.0;
				TARGETED_DEVICE_FAMILY = "1,2";
			};
			name = Debug;
		};
		FAF0B52B2809CF7B00468990 /* Release */ = {
			isa = XCBuildConfiguration;
			buildSettings = {
				ASSETCATALOG_COMPILER_APPICON_NAME = AppIcon;
				ASSETCATALOG_COMPILER_GLOBAL_ACCENT_COLOR_NAME = AccentColor;
				CODE_SIGN_STYLE = Automatic;
				CURRENT_PROJECT_VERSION = 1;
				GENERATE_INFOPLIST_FILE = YES;
				INFOPLIST_FILE = TicTacToe/Info.plist;
				INFOPLIST_KEY_UIApplicationSupportsIndirectInputEvents = YES;
				INFOPLIST_KEY_UILaunchStoryboardName = LaunchScreen;
				INFOPLIST_KEY_UIMainStoryboardFile = Main;
				INFOPLIST_KEY_UISupportedInterfaceOrientations_iPad = "UIInterfaceOrientationPortrait UIInterfaceOrientationPortraitUpsideDown UIInterfaceOrientationLandscapeLeft UIInterfaceOrientationLandscapeRight";
				INFOPLIST_KEY_UISupportedInterfaceOrientations_iPhone = "UIInterfaceOrientationPortrait UIInterfaceOrientationLandscapeLeft UIInterfaceOrientationLandscapeRight";
				LD_RUNPATH_SEARCH_PATHS = (
					"$(inherited)",
					"@executable_path/Frameworks",
				);
				MARKETING_VERSION = 1.0;
				PRODUCT_BUNDLE_IDENTIFIER = Andrew.TicTacToe;
				PRODUCT_NAME = "$(TARGET_NAME)";
				SWIFT_EMIT_LOC_STRINGS = YES;
				SWIFT_VERSION = 5.0;
				TARGETED_DEVICE_FAMILY = "1,2";
			};
			name = Release;
		};
/* End XCBuildConfiguration section */

/* Begin XCConfigurationList section */
		FAF0B5102809CF7600468990 /* Build configuration list for PBXProject "TicTacToe" */ = {
			isa = XCConfigurationList;
			buildConfigurations = (
				FAF0B5272809CF7B00468990 /* Debug */,
				FAF0B5282809CF7B00468990 /* Release */,
			);
			defaultConfigurationIsVisible = 0;
			defaultConfigurationName = Release;
		};
		FAF0B5292809CF7B00468990 /* Build configuration list for PBXNativeTarget "TicTacToe" */ = {
			isa = XCConfigurationList;
			buildConfigurations = (
				FAF0B52A2809CF7B00468990 /* Debug */,
				FAF0B52B2809CF7B00468990 /* Release */,
			);
			defaultConfigurationIsVisible = 0;
			defaultConfigurationName = Release;
		};
/* End XCConfigurationList section */

/* Begin XCRemoteSwiftPackageReference section */
		FAF0B52C2809D28E00468990 /* XCRemoteSwiftPackageReference "TinyConstraints" */ = {
			isa = XCRemoteSwiftPackageReference;
			repositoryURL = "https://github.com/roberthein/TinyConstraints";
			requirement = {
				branch = master;
				kind = branch;
			};
		};
		FAF0B56828101E7C00468990 /* XCRemoteSwiftPackageReference "RxSwift" */ = {
			isa = XCRemoteSwiftPackageReference;
			repositoryURL = "https://github.com/ReactiveX/RxSwift";
			requirement = {
				branch = main;
				kind = branch;
			};
		};
/* End XCRemoteSwiftPackageReference section */

/* Begin XCSwiftPackageProductDependency section */
		FAF0B52D2809D28E00468990 /* TinyConstraints */ = {
			isa = XCSwiftPackageProductDependency;
			package = FAF0B52C2809D28E00468990 /* XCRemoteSwiftPackageReference "TinyConstraints" */;
			productName = TinyConstraints;
		};
		FAF0B56928101E7C00468990 /* RxSwift */ = {
			isa = XCSwiftPackageProductDependency;
			package = FAF0B56828101E7C00468990 /* XCRemoteSwiftPackageReference "RxSwift" */;
			productName = RxSwift;
		};
/* End XCSwiftPackageProductDependency section */
	};
	rootObject = FAF0B50D2809CF7600468990 /* Project object */;
}
